
Microsoft Visual Studio Solution File, Format Version 12.00
# Visual Studio Version 16
VisualStudioVersion = 16.0.30320.27
MinimumVisualStudioVersion = 10.0.40219.1
Project("{9A19103F-16F7-4668-BE54-9A1E7A4F7556}") = "Atomus.Page.Login.DefaultLogin(dotNetStandard)", "dotNetStandard\Atomus.Page.Login.DefaultLogin(dotNetStandard).csproj", "{0C5336C8-C66C-4F2E-A926-43D6BDD8D575}"
EndProject
Global
	GlobalSection(SolutionConfigurationPlatforms) = preSolution
		Debug|Any CPU = Debug|Any CPU
		Release|Any CPU = Release|Any CPU
	EndGlobalSection
	GlobalSection(ProjectConfigurationPlatforms) = postSolution
		{0C5336C8-C66C-4F2E-A926-43D6BDD8D575}.Debug|Any CPU.ActiveCfg = Debug|Any CPU
		{0C5336C8-C66C-4F2E-A926-43D6BDD8D575}.Debug|Any CPU.Build.0 = Debug|Any CPU
		{0C5336C8-C66C-4F2E-A926-43D6BDD8D575}.Release|Any CPU.ActiveCfg = Release|Any CPU
		{0C5336C8-C66C-4F2E-A926-43D6BDD8D575}.Release|Any CPU.Build.0 = Release|Any CPU
	EndGlobalSection
	GlobalSection(SolutionProperties) = preSolution
		HideSolutionNode = FALSE
	EndGlobalSection
	GlobalSection(ExtensibilityGlobals) = postSolution
		SolutionGuid = {DA6684C9-27B9-419C-A7D3-E6DC14530E6C}
	EndGlobalSection
EndGlobal
